
Microsoft Visual Studio Solution File, Format Version 12.00
# Visual Studio Version 17
VisualStudioVersion = 17.2.32602.215
MinimumVisualStudioVersion = 10.0.40219.1
Project("{FAE04EC0-301F-11D3-BF4B-00C04F79EFBC}") = "DecisoesEmGrupo.Client", "Client\DecisoesEmGrupo.Client.csproj", "{94414CE2-E264-440F-BA3D-64332D05B82E}"
EndProject
Project("{FAE04EC0-301F-11D3-BF4B-00C04F79EFBC}") = "DecisoesEmGrupo.Server", "Server\DecisoesEmGrupo.Server.csproj", "{739CE55B-0392-45F1-BD3E-AC72AE07A494}"
EndProject
Project("{FAE04EC0-301F-11D3-BF4B-00C04F79EFBC}") = "DecisoesEmGrupo.Shared", "Shared\DecisoesEmGrupo.Shared.csproj", "{2B04119E-4F96-4C10-8E26-477C39048B78}"
EndProject
Global
	GlobalSection(SolutionConfigurationPlatforms) = preSolution
		Debug|Any CPU = Debug|Any CPU
		Release|Any CPU = Release|Any CPU
	EndGlobalSection
	GlobalSection(ProjectConfigurationPlatforms) = postSolution
		{94414CE2-E264-440F-BA3D-64332D05B82E}.Debug|Any CPU.ActiveCfg = Debug|Any CPU
		{94414CE2-E264-440F-BA3D-64332D05B82E}.Debug|Any CPU.Build.0 = Debug|Any CPU
		{94414CE2-E264-440F-BA3D-64332D05B82E}.Release|Any CPU.ActiveCfg = Release|Any CPU
		{94414CE2-E264-440F-BA3D-64332D05B82E}.Release|Any CPU.Build.0 = Release|Any CPU
		{739CE55B-0392-45F1-BD3E-AC72AE07A494}.Debug|Any CPU.ActiveCfg = Debug|Any CPU
		{739CE55B-0392-45F1-BD3E-AC72AE07A494}.Debug|Any CPU.Build.0 = Debug|Any CPU
		{739CE55B-0392-45F1-BD3E-AC72AE07A494}.Release|Any CPU.ActiveCfg = Release|Any CPU
		{739CE55B-0392-45F1-BD3E-AC72AE07A494}.Release|Any CPU.Build.0 = Release|Any CPU
		{2B04119E-4F96-4C10-8E26-477C39048B78}.Debug|Any CPU.ActiveCfg = Debug|Any CPU
		{2B04119E-4F96-4C10-8E26-477C39048B78}.Debug|Any CPU.Build.0 = Debug|Any CPU
		{2B04119E-4F96-4C10-8E26-477C39048B78}.Release|Any CPU.ActiveCfg = Release|Any CPU
		{2B04119E-4F96-4C10-8E26-477C39048B78}.Release|Any CPU.Build.0 = Release|Any CPU
	EndGlobalSection
	GlobalSection(SolutionProperties) = preSolution
		HideSolutionNode = FALSE
	EndGlobalSection
	GlobalSection(ExtensibilityGlobals) = postSolution
		SolutionGuid = {C8EC8D4F-2F45-4BDB-9090-73EEEECF288E}
	EndGlobalSection
EndGlobal
